{
  "requires": true,
  "lockfileVersion": 1,
  "dependencies": {
    "jquery": {
      "version": "3.3.1",
      "resolved": "https://registry.npmjs.org/jquery/-/jquery-3.3.1.tgz",
      "integrity": "sha512-Ubldcmxp5np52/ENotGxlLe6aGMvmF4R8S6tZjsP6Knsaxd/xp3Zrh50cG93lR6nPXyUFwzN3ZSOQI0wRJNdGg=="
    },
    "jquery-zoom": {
      "version": "1.7.21",
      "resolved": "https://registry.npmjs.org/jquery-zoom/-/jquery-zoom-1.7.21.tgz",
      "integrity": "sha512-C3aDEt0c4TkPrOPqIs5VAOwBMgitf1I7jEakO15G3QfxdVEivBvUlkiCjfcGQM+FyXdvshpbiEJKDbEdPz2/pw==",
      "requires": {
        "jquery": ">=1.7"
      }
    },
    "shopify-buy": {
      "version": "2.0.1",
      "resolved": "https://registry.npmjs.org/shopify-buy/-/shopify-buy-2.0.1.tgz",
      "integrity": "sha512-VSrl4JX2raavX4MLdjy//LKdlVik88UmFC4XA/o38pQgq97Tn3JgIkARmoNVOu8QGGECJM4jQD6jHtX/gdoDCQ=="
    }
  }
}
